# This file is automatically @generated by Cargo.
# It is not intended for manual editing.
version = 4

[[package]]
name = "ri"
version = "0.1.0"
dependencies = [
 "ri-ext",
 "ri-tui",
]

[[package]]
name = "ri-agent"
version = "0.1.0"
dependencies = [
 "ri-ai",
]

[[package]]
name = "ri-ai"
version = "0.1.0"
dependencies = [
 "ri-types",
]

[[package]]
name = "ri-core"
version = "0.1.0"
dependencies = [
 "ri-agent",
]

[[package]]
name = "ri-ext"
version = "0.1.0"
dependencies = [
 "ri-core",
]

[[package]]
name = "ri-tui"
version = "0.1.0"

[[package]]
name = "ri-types"
version = "0.1.0"
